
Microsoft Visual Studio Solution File, Format Version 12.00
# Visual Studio 2013
VisualStudioVersion = 12.0.40629.0
MinimumVisualStudioVersion = 10.0.40219.1
Project("{FAE04EC0-301F-11D3-BF4B-00C04F79EFBC}") = "01.NumbersFromOneToN", "01.NumbersFromOneToN\01.NumbersFromOneToN.csproj", "{9AB103AC-700A-4AB9-A27F-D635F94B9422}"
EndProject
Project("{FAE04EC0-301F-11D3-BF4B-00C04F79EFBC}") = "02.NotDivisibleNumbers", "02.NotDivisibleNumbers\02.NotDivisibleNumbers.csproj", "{D2E5C60D-22C1-4CA2-BF65-86BAF0DD9133}"
EndProject
Project("{FAE04EC0-301F-11D3-BF4B-00C04F79EFBC}") = "03.MMSAOfNNumbers", "03.MMSAOfNNumbers\03.MMSAOfNNumbers.csproj", "{9E7DC5EB-4ABF-4AC7-BA8A-7533D4D1CF02}"
EndProject
Project("{FAE04EC0-301F-11D3-BF4B-00C04F79EFBC}") = "05.Calculate", "05.Calculate\05.Calculate.csproj", "{2947207E-C4EB-4D2D-8F1B-E64B2E432562}"
EndProject
Project("{FAE04EC0-301F-11D3-BF4B-00C04F79EFBC}") = "04.PrintADeck", "04.PrintADeck\04.PrintADeck.csproj", "{C803A379-F470-4D93-A3B5-2FF654DEA312}"
EndProject
Project("{FAE04EC0-301F-11D3-BF4B-00C04F79EFBC}") = "06.CalculateNKFactorial", "06.CalculateNKFactorial\06.CalculateNKFactorial.csproj", "{76F1B09E-B653-477B-8AB8-EE107108FE62}"
EndProject
Project("{FAE04EC0-301F-11D3-BF4B-00C04F79EFBC}") = "07.Calculate3!", "07.Calculate3!\07.Calculate3!.csproj", "{5E373F89-20BF-42C1-96F1-C8C098EBF729}"
EndProject
Project("{FAE04EC0-301F-11D3-BF4B-00C04F79EFBC}") = "08.CatalanNumbers", "08.CatalanNumbers\08.CatalanNumbers.csproj", "{37D5F211-3E03-4CED-83A4-781B9E41274A}"
EndProject
Project("{FAE04EC0-301F-11D3-BF4B-00C04F79EFBC}") = "09.MatrixOfNumbers", "09.MatrixOfNumbers\09.MatrixOfNumbers.csproj", "{B8382002-75C8-483C-A104-CE01A335E5B4}"
EndProject
Project("{FAE04EC0-301F-11D3-BF4B-00C04F79EFBC}") = "10.OddAndEvenProduct", "10.OddAndEvenProduct\10.OddAndEvenProduct.csproj", "{EC0BCBAD-6FC2-4FD7-A99E-8ED89085DE64}"
EndProject
Project("{FAE04EC0-301F-11D3-BF4B-00C04F79EFBC}") = "11.BinaryToDecimal", "11.BinaryToDecimal\11.BinaryToDecimal.csproj", "{8F70C5B3-BB17-4A3E-BB51-3D5210420003}"
EndProject
Global
	GlobalSection(SolutionConfigurationPlatforms) = preSolution
		Debug|Any CPU = Debug|Any CPU
		Release|Any CPU = Release|Any CPU
	EndGlobalSection
	GlobalSection(ProjectConfigurationPlatforms) = postSolution
		{9AB103AC-700A-4AB9-A27F-D635F94B9422}.Debug|Any CPU.ActiveCfg = Debug|Any CPU
		{9AB103AC-700A-4AB9-A27F-D635F94B9422}.Debug|Any CPU.Build.0 = Debug|Any CPU
		{9AB103AC-700A-4AB9-A27F-D635F94B9422}.Release|Any CPU.ActiveCfg = Release|Any CPU
		{9AB103AC-700A-4AB9-A27F-D635F94B9422}.Release|Any CPU.Build.0 = Release|Any CPU
		{D2E5C60D-22C1-4CA2-BF65-86BAF0DD9133}.Debug|Any CPU.ActiveCfg = Debug|Any CPU
		{D2E5C60D-22C1-4CA2-BF65-86BAF0DD9133}.Debug|Any CPU.Build.0 = Debug|Any CPU
		{D2E5C60D-22C1-4CA2-BF65-86BAF0DD9133}.Release|Any CPU.ActiveCfg = Release|Any CPU
		{D2E5C60D-22C1-4CA2-BF65-86BAF0DD9133}.Release|Any CPU.Build.0 = Release|Any CPU
		{9E7DC5EB-4ABF-4AC7-BA8A-7533D4D1CF02}.Debug|Any CPU.ActiveCfg = Debug|Any CPU
		{9E7DC5EB-4ABF-4AC7-BA8A-7533D4D1CF02}.Debug|Any CPU.Build.0 = Debug|Any CPU
		{9E7DC5EB-4ABF-4AC7-BA8A-7533D4D1CF02}.Release|Any CPU.ActiveCfg = Release|Any CPU
		{9E7DC5EB-4ABF-4AC7-BA8A-7533D4D1CF02}.Release|Any CPU.Build.0 = Release|Any CPU
		{2947207E-C4EB-4D2D-8F1B-E64B2E432562}.Debug|Any CPU.ActiveCfg = Debug|Any CPU
		{2947207E-C4EB-4D2D-8F1B-E64B2E432562}.Debug|Any CPU.Build.0 = Debug|Any CPU
		{2947207E-C4EB-4D2D-8F1B-E64B2E432562}.Release|Any CPU.ActiveCfg = Release|Any CPU
		{2947207E-C4EB-4D2D-8F1B-E64B2E432562}.Release|Any CPU.Build.0 = Release|Any CPU
		{C803A379-F470-4D93-A3B5-2FF654DEA312}.Debug|Any CPU.ActiveCfg = Debug|Any CPU
		{C803A379-F470-4D93-A3B5-2FF654DEA312}.Debug|Any CPU.Build.0 = Debug|Any CPU
		{C803A379-F470-4D93-A3B5-2FF654DEA312}.Release|Any CPU.ActiveCfg = Release|Any CPU
		{C803A379-F470-4D93-A3B5-2FF654DEA312}.Release|Any CPU.Build.0 = Release|Any CPU
		{76F1B09E-B653-477B-8AB8-EE107108FE62}.Debug|Any CPU.ActiveCfg = Debug|Any CPU
		{76F1B09E-B653-477B-8AB8-EE107108FE62}.Debug|Any CPU.Build.0 = Debug|Any CPU
		{76F1B09E-B653-477B-8AB8-EE107108FE62}.Release|Any CPU.ActiveCfg = Release|Any CPU
		{76F1B09E-B653-477B-8AB8-EE107108FE62}.Release|Any CPU.Build.0 = Release|Any CPU
		{5E373F89-20BF-42C1-96F1-C8C098EBF729}.Debug|Any CPU.ActiveCfg = Debug|Any CPU
		{5E373F89-20BF-42C1-96F1-C8C098EBF729}.Debug|Any CPU.Build.0 = Debug|Any CPU
		{5E373F89-20BF-42C1-96F1-C8C098EBF729}.Release|Any CPU.ActiveCfg = Release|Any CPU
		{5E373F89-20BF-42C1-96F1-C8C098EBF729}.Release|Any CPU.Build.0 = Release|Any CPU
		{37D5F211-3E03-4CED-83A4-781B9E41274A}.Debug|Any CPU.ActiveCfg = Debug|Any CPU
		{37D5F211-3E03-4CED-83A4-781B9E41274A}.Debug|Any CPU.Build.0 = Debug|Any CPU
		{37D5F211-3E03-4CED-83A4-781B9E41274A}.Release|Any CPU.ActiveCfg = Release|Any CPU
		{37D5F211-3E03-4CED-83A4-781B9E41274A}.Release|Any CPU.Build.0 = Release|Any CPU
		{B8382002-75C8-483C-A104-CE01A335E5B4}.Debug|Any CPU.ActiveCfg = Debug|Any CPU
		{B8382002-75C8-483C-A104-CE01A335E5B4}.Debug|Any CPU.Build.0 = Debug|Any CPU
		{B8382002-75C8-483C-A104-CE01A335E5B4}.Release|Any CPU.ActiveCfg = Release|Any CPU
		{B8382002-75C8-483C-A104-CE01A335E5B4}.Release|Any CPU.Build.0 = Release|Any CPU
		{EC0BCBAD-6FC2-4FD7-A99E-8ED89085DE64}.Debug|Any CPU.ActiveCfg = Debug|Any CPU
		{EC0BCBAD-6FC2-4FD7-A99E-8ED89085DE64}.Debug|Any CPU.Build.0 = Debug|Any CPU
		{EC0BCBAD-6FC2-4FD7-A99E-8ED89085DE64}.Release|Any CPU.ActiveCfg = Release|Any CPU
		{EC0BCBAD-6FC2-4FD7-A99E-8ED89085DE64}.Release|Any CPU.Build.0 = Release|Any CPU
		{8F70C5B3-BB17-4A3E-BB51-3D5210420003}.Debug|Any CPU.ActiveCfg = Debug|Any CPU
		{8F70C5B3-BB17-4A3E-BB51-3D5210420003}.Debug|Any CPU.Build.0 = Debug|Any CPU
		{8F70C5B3-BB17-4A3E-BB51-3D5210420003}.Release|Any CPU.ActiveCfg = Release|Any CPU
		{8F70C5B3-BB17-4A3E-BB51-3D5210420003}.Release|Any CPU.Build.0 = Release|Any CPU
	EndGlobalSection
	GlobalSection(SolutionProperties) = preSolution
		HideSolutionNode = FALSE
	EndGlobalSection
EndGlobal
